github.com/graphql-go/graphql v0.8.1 h1:p7/Ou/WpmulocJeEx7wjQy611rtXGQaAcXGqanuMMgc=
github.com/graphql-go/graphql v0.8.1/go.mod h1:nKiHzRM0qopJEwCITUuIsxk9PlVlwIiiI8pnJEhordQ=
github.com/jpascal/graphql-upload v0.0.0-20200219114743-2a693c100233 h1:6tY2KAHlytnGu9s7ceFZURenjqmxbVHwGembFi6sz+c=
github.com/jpascal/graphql-upload v0.0.0-20200219114743-2a693c100233/go.mod h1:I/WT/Xwt4isoRE43Sr1LG8T0bGkxmYEaQRvKbXSdVSo=
github.com/kr/pretty v0.1.0 h1:L/CwN0zerZDmRFUapSPitk6f+Q3+0za1rQkzVuMiMFI=
github.com/kr/pretty v0.1.0/go.mod h1:dAy3ld7l9f0ibDNOQOHHMYYIIbhfbHSm3C4ZsoJORNo=
github.com/kr/pty v1.1.1/go.mod h1:pFQYn66WHrOpPYNljwOMqo10TkYh1fy3cYio2l3bCsQ=
github.com/kr/text v0.1.0 h1:45sCR5RtlFHMR4UwH9sdQ5TC8v0qDQCHnXt+kaKSTVE=
github.com/kr/text v0.1.0/go.mod h1:4Jbv+DJW3UT/LiOwJeYQe1efqtUx/iVham/4vfdArNI=
github.com/satori/go.uuid v1.2.0 h1:0uYX9dsZ2yD7q2RtLRtPSdGDWzjeM3TbMJP9utgA0ww=
github.com/satori/go.uuid v1.2.0/go.mod h1:dA0hQrYB0VpLJoorglMZABFdXlWrHn1NEOzdhQKdks0=
gopkg.in/check.v1 v1.0.0-20190902080502-41f04d3bba15 h1:YR8cESwS4TdDjEe65xsg0ogRM/Nc3DYOhEAlW+xobZo=
gopkg.in/check.v1 v1.0.0-20190902080502-41f04d3bba15/go.mod h1:Co6ibVJAznAaIkqp8huTwlJQCZ016jof/cbN4VW5Yz0=
